
Microsoft Visual Studio Solution File, Format Version 12.00
# Visual Studio Version 17
VisualStudioVersion = 17.0.31903.59
MinimumVisualStudioVersion = 10.0.40219.1
Project("{9A19103F-16F7-4668-BE54-9A1E7A4F7556}") = "Mod.Ethics.WebApi", "MOD.Ethics.WebApi\Mod.Ethics.WebApi.csproj", "{2260CE95-929F-4CF4-A62A-CD7307C96A52}"
EndProject
Project("{2150E333-8FDC-42A3-9474-1A3956D46DE8}") = "0-Framework", "0-Framework", "{95642864-7724-4AB3-8116-7CD5EF93168E}"
EndProject
Project("{9A19103F-16F7-4668-BE54-9A1E7A4F7556}") = "Mod.Framework", "..\Framework\Server\Mod.Framework\Mod.Framework.csproj", "{44D81E58-9D53-4879-B307-D16F8C369DC2}"
EndProject
Project("{9A19103F-16F7-4668-BE54-9A1E7A4F7556}") = "Mod.Framework.EfCore", "..\Framework\Server\Mod.Framework.EfCore\Mod.Framework.EfCore.csproj", "{972B3D79-A04D-4C6E-9FDB-98F8C7099659}"
EndProject
Project("{9A19103F-16F7-4668-BE54-9A1E7A4F7556}") = "Mod.Framework.WebApi", "..\Framework\Server\Mod.Framework.WebApi\Mod.Framework.WebApi.csproj", "{F985FEDF-E2A5-4A4E-8768-2E286CD3B710}"
EndProject
Project("{9A19103F-16F7-4668-BE54-9A1E7A4F7556}") = "Mod.Framework.User", "..\Framework\Server\Mod.Framework.User\Mod.Framework.User.csproj", "{B320EABE-F457-4167-B80D-94EB3BCB4BA1}"
EndProject
Project("{9A19103F-16F7-4668-BE54-9A1E7A4F7556}") = "Mod.Framework.Notifications", "..\Framework\Server\Mod.Framework.Notifications\Mod.Framework.Notifications.csproj", "{6EDE8DA7-5B1E-4EBA-913D-FD8344FAED77}"
EndProject
Project("{9A19103F-16F7-4668-BE54-9A1E7A4F7556}") = "Mod.Framework.Serilog", "..\Framework\Server\Mod.Framework.Serilog\Mod.Framework.Serilog.csproj", "{B77EEA2D-63B0-496B-A92C-9D52D4E3B6C8}"
EndProject
Project("{9A19103F-16F7-4668-BE54-9A1E7A4F7556}") = "Mod.Ethics.Infrastructure", "Mod.Ethics.Infrastructure\Mod.Ethics.Infrastructure.csproj", "{880E886A-0AB0-4DA7-A813-D170ACC42857}"
EndProject
Project("{9A19103F-16F7-4668-BE54-9A1E7A4F7556}") = "Mod.Ethics.Migration", "Mod.Ethics.Migration\Mod.Ethics.Migration.csproj", "{7D68850E-3128-4ED6-AD12-5158AF8DBFF5}"
EndProject
Project("{9A19103F-16F7-4668-BE54-9A1E7A4F7556}") = "Mod.Ethics.Domain", "Mod.Ethics.Domain\Mod.Ethics.Domain.csproj", "{BCDD6CA4-E6CE-47BB-B26B-6CD2AE01F1B6}"
EndProject
Project("{9A19103F-16F7-4668-BE54-9A1E7A4F7556}") = "Mod.Ethics.Application", "Mod.Ethics.Application\Mod.Ethics.Application.csproj", "{DA12C040-EBB9-44D6-9D4E-1BD424178971}"
EndProject
Project("{9A19103F-16F7-4668-BE54-9A1E7A4F7556}") = "Mod.Framework.Attachments", "..\Framework\Server\Mod.Framework.Attachments\Mod.Framework.Attachments.csproj", "{8BBD435F-D33B-49AB-A95F-F2ADD10723A4}"
EndProject
Project("{9A19103F-16F7-4668-BE54-9A1E7A4F7556}") = "Mod.Framework.DistributedAppSupport", "..\Framework\Server\Mod.Framework.DistributedAppSupport\Mod.Framework.DistributedAppSupport.csproj", "{17615573-954A-41F4-8348-41974E1B2A36}"
EndProject
Global
	GlobalSection(SolutionConfigurationPlatforms) = preSolution
		Debug|Any CPU = Debug|Any CPU
		Prod|Any CPU = Prod|Any CPU
		Release|Any CPU = Release|Any CPU
		Stage|Any CPU = Stage|Any CPU
	EndGlobalSection
	GlobalSection(ProjectConfigurationPlatforms) = postSolution
		{2260CE95-929F-4CF4-A62A-CD7307C96A52}.Debug|Any CPU.ActiveCfg = Debug|Any CPU
		{2260CE95-929F-4CF4-A62A-CD7307C96A52}.Debug|Any CPU.Build.0 = Debug|Any CPU
		{2260CE95-929F-4CF4-A62A-CD7307C96A52}.Prod|Any CPU.ActiveCfg = Prod|Any CPU
		{2260CE95-929F-4CF4-A62A-CD7307C96A52}.Prod|Any CPU.Build.0 = Prod|Any CPU
		{2260CE95-929F-4CF4-A62A-CD7307C96A52}.Release|Any CPU.ActiveCfg = Release|Any CPU
		{2260CE95-929F-4CF4-A62A-CD7307C96A52}.Release|Any CPU.Build.0 = Release|Any CPU
		{2260CE95-929F-4CF4-A62A-CD7307C96A52}.Stage|Any CPU.ActiveCfg = Stage|Any CPU
		{2260CE95-929F-4CF4-A62A-CD7307C96A52}.Stage|Any CPU.Build.0 = Stage|Any CPU
		{44D81E58-9D53-4879-B307-D16F8C369DC2}.Debug|Any CPU.ActiveCfg = Debug|Any CPU
		{44D81E58-9D53-4879-B307-D16F8C369DC2}.Debug|Any CPU.Build.0 = Debug|Any CPU
		{44D81E58-9D53-4879-B307-D16F8C369DC2}.Prod|Any CPU.ActiveCfg = Prod|Any CPU
		{44D81E58-9D53-4879-B307-D16F8C369DC2}.Prod|Any CPU.Build.0 = Prod|Any CPU
		{44D81E58-9D53-4879-B307-D16F8C369DC2}.Release|Any CPU.ActiveCfg = Release|Any CPU
		{44D81E58-9D53-4879-B307-D16F8C369DC2}.Release|Any CPU.Build.0 = Release|Any CPU
		{44D81E58-9D53-4879-B307-D16F8C369DC2}.Stage|Any CPU.ActiveCfg = Stage|Any CPU
		{44D81E58-9D53-4879-B307-D16F8C369DC2}.Stage|Any CPU.Build.0 = Stage|Any CPU
		{972B3D79-A04D-4C6E-9FDB-98F8C7099659}.Debug|Any CPU.ActiveCfg = Debug|Any CPU
		{972B3D79-A04D-4C6E-9FDB-98F8C7099659}.Debug|Any CPU.Build.0 = Debug|Any CPU
		{972B3D79-A04D-4C6E-9FDB-98F8C7099659}.Prod|Any CPU.ActiveCfg = Prod|Any CPU
		{972B3D79-A04D-4C6E-9FDB-98F8C7099659}.Prod|Any CPU.Build.0 = Prod|Any CPU
		{972B3D79-A04D-4C6E-9FDB-98F8C7099659}.Release|Any CPU.ActiveCfg = Release|Any CPU
		{972B3D79-A04D-4C6E-9FDB-98F8C7099659}.Release|Any CPU.Build.0 = Release|Any CPU
		{972B3D79-A04D-4C6E-9FDB-98F8C7099659}.Stage|Any CPU.ActiveCfg = Stage|Any CPU
		{972B3D79-A04D-4C6E-9FDB-98F8C7099659}.Stage|Any CPU.Build.0 = Stage|Any CPU
		{F985FEDF-E2A5-4A4E-8768-2E286CD3B710}.Debug|Any CPU.ActiveCfg = Debug|Any CPU
		{F985FEDF-E2A5-4A4E-8768-2E286CD3B710}.Debug|Any CPU.Build.0 = Debug|Any CPU
		{F985FEDF-E2A5-4A4E-8768-2E286CD3B710}.Prod|Any CPU.ActiveCfg = Prod|Any CPU
		{F985FEDF-E2A5-4A4E-8768-2E286CD3B710}.Prod|Any CPU.Build.0 = Prod|Any CPU
		{F985FEDF-E2A5-4A4E-8768-2E286CD3B710}.Release|Any CPU.ActiveCfg = Release|Any CPU
		{F985FEDF-E2A5-4A4E-8768-2E286CD3B710}.Release|Any CPU.Build.0 = Release|Any CPU
		{F985FEDF-E2A5-4A4E-8768-2E286CD3B710}.Stage|Any CPU.ActiveCfg = Stage|Any CPU
		{F985FEDF-E2A5-4A4E-8768-2E286CD3B710}.Stage|Any CPU.Build.0 = Stage|Any CPU
		{B320EABE-F457-4167-B80D-94EB3BCB4BA1}.Debug|Any CPU.ActiveCfg = Debug|Any CPU
		{B320EABE-F457-4167-B80D-94EB3BCB4BA1}.Debug|Any CPU.Build.0 = Debug|Any CPU
		{B320EABE-F457-4167-B80D-94EB3BCB4BA1}.Prod|Any CPU.ActiveCfg = Prod|Any CPU
		{B320EABE-F457-4167-B80D-94EB3BCB4BA1}.Prod|Any CPU.Build.0 = Prod|Any CPU
		{B320EABE-F457-4167-B80D-94EB3BCB4BA1}.Release|Any CPU.ActiveCfg = Release|Any CPU
		{B320EABE-F457-4167-B80D-94EB3BCB4BA1}.Release|Any CPU.Build.0 = Release|Any CPU
		{B320EABE-F457-4167-B80D-94EB3BCB4BA1}.Stage|Any CPU.ActiveCfg = Stage|Any CPU
		{B320EABE-F457-4167-B80D-94EB3BCB4BA1}.Stage|Any CPU.Build.0 = Stage|Any CPU
		{6EDE8DA7-5B1E-4EBA-913D-FD8344FAED77}.Debug|Any CPU.ActiveCfg = Debug|Any CPU
		{6EDE8DA7-5B1E-4EBA-913D-FD8344FAED77}.Debug|Any CPU.Build.0 = Debug|Any CPU
		{6EDE8DA7-5B1E-4EBA-913D-FD8344FAED77}.Prod|Any CPU.ActiveCfg = Prod|Any CPU
		{6EDE8DA7-5B1E-4EBA-913D-FD8344FAED77}.Prod|Any CPU.Build.0 = Prod|Any CPU
		{6EDE8DA7-5B1E-4EBA-913D-FD8344FAED77}.Release|Any CPU.ActiveCfg = Release|Any CPU
		{6EDE8DA7-5B1E-4EBA-913D-FD8344FAED77}.Release|Any CPU.Build.0 = Release|Any CPU
		{6EDE8DA7-5B1E-4EBA-913D-FD8344FAED77}.Stage|Any CPU.ActiveCfg = Stage|Any CPU
		{6EDE8DA7-5B1E-4EBA-913D-FD8344FAED77}.Stage|Any CPU.Build.0 = Stage|Any CPU
		{B77EEA2D-63B0-496B-A92C-9D52D4E3B6C8}.Debug|Any CPU.ActiveCfg = Debug|Any CPU
		{B77EEA2D-63B0-496B-A92C-9D52D4E3B6C8}.Debug|Any CPU.Build.0 = Debug|Any CPU
		{B77EEA2D-63B0-496B-A92C-9D52D4E3B6C8}.Prod|Any CPU.ActiveCfg = Prod|Any CPU
		{B77EEA2D-63B0-496B-A92C-9D52D4E3B6C8}.Prod|Any CPU.Build.0 = Prod|Any CPU
		{B77EEA2D-63B0-496B-A92C-9D52D4E3B6C8}.Release|Any CPU.ActiveCfg = Release|Any CPU
		{B77EEA2D-63B0-496B-A92C-9D52D4E3B6C8}.Release|Any CPU.Build.0 = Release|Any CPU
		{B77EEA2D-63B0-496B-A92C-9D52D4E3B6C8}.Stage|Any CPU.ActiveCfg = Stage|Any CPU
		{B77EEA2D-63B0-496B-A92C-9D52D4E3B6C8}.Stage|Any CPU.Build.0 = Stage|Any CPU
		{880E886A-0AB0-4DA7-A813-D170ACC42857}.Debug|Any CPU.ActiveCfg = Debug|Any CPU
		{880E886A-0AB0-4DA7-A813-D170ACC42857}.Debug|Any CPU.Build.0 = Debug|Any CPU
		{880E886A-0AB0-4DA7-A813-D170ACC42857}.Prod|Any CPU.ActiveCfg = Prod|Any CPU
		{880E886A-0AB0-4DA7-A813-D170ACC42857}.Prod|Any CPU.Build.0 = Prod|Any CPU
		{880E886A-0AB0-4DA7-A813-D170ACC42857}.Release|Any CPU.ActiveCfg = Release|Any CPU
		{880E886A-0AB0-4DA7-A813-D170ACC42857}.Release|Any CPU.Build.0 = Release|Any CPU
		{880E886A-0AB0-4DA7-A813-D170ACC42857}.Stage|Any CPU.ActiveCfg = Stage|Any CPU
		{880E886A-0AB0-4DA7-A813-D170ACC42857}.Stage|Any CPU.Build.0 = Stage|Any CPU
		{7D68850E-3128-4ED6-AD12-5158AF8DBFF5}.Debug|Any CPU.ActiveCfg = Debug|Any CPU
		{7D68850E-3128-4ED6-AD12-5158AF8DBFF5}.Debug|Any CPU.Build.0 = Debug|Any CPU
		{7D68850E-3128-4ED6-AD12-5158AF8DBFF5}.Prod|Any CPU.ActiveCfg = Prod|Any CPU
		{7D68850E-3128-4ED6-AD12-5158AF8DBFF5}.Prod|Any CPU.Build.0 = Prod|Any CPU
		{7D68850E-3128-4ED6-AD12-5158AF8DBFF5}.Release|Any CPU.ActiveCfg = Release|Any CPU
		{7D68850E-3128-4ED6-AD12-5158AF8DBFF5}.Release|Any CPU.Build.0 = Release|Any CPU
		{7D68850E-3128-4ED6-AD12-5158AF8DBFF5}.Stage|Any CPU.ActiveCfg = Stage|Any CPU
		{7D68850E-3128-4ED6-AD12-5158AF8DBFF5}.Stage|Any CPU.Build.0 = Stage|Any CPU
		{BCDD6CA4-E6CE-47BB-B26B-6CD2AE01F1B6}.Debug|Any CPU.ActiveCfg = Debug|Any CPU
		{BCDD6CA4-E6CE-47BB-B26B-6CD2AE01F1B6}.Debug|Any CPU.Build.0 = Debug|Any CPU
		{BCDD6CA4-E6CE-47BB-B26B-6CD2AE01F1B6}.Prod|Any CPU.ActiveCfg = Prod|Any CPU
		{BCDD6CA4-E6CE-47BB-B26B-6CD2AE01F1B6}.Prod|Any CPU.Build.0 = Prod|Any CPU
		{BCDD6CA4-E6CE-47BB-B26B-6CD2AE01F1B6}.Release|Any CPU.ActiveCfg = Release|Any CPU
		{BCDD6CA4-E6CE-47BB-B26B-6CD2AE01F1B6}.Release|Any CPU.Build.0 = Release|Any CPU
		{BCDD6CA4-E6CE-47BB-B26B-6CD2AE01F1B6}.Stage|Any CPU.ActiveCfg = Stage|Any CPU
		{BCDD6CA4-E6CE-47BB-B26B-6CD2AE01F1B6}.Stage|Any CPU.Build.0 = Stage|Any CPU
		{DA12C040-EBB9-44D6-9D4E-1BD424178971}.Debug|Any CPU.ActiveCfg = Debug|Any CPU
		{DA12C040-EBB9-44D6-9D4E-1BD424178971}.Debug|Any CPU.Build.0 = Debug|Any CPU
		{DA12C040-EBB9-44D6-9D4E-1BD424178971}.Prod|Any CPU.ActiveCfg = Prod|Any CPU
		{DA12C040-EBB9-44D6-9D4E-1BD424178971}.Prod|Any CPU.Build.0 = Prod|Any CPU
		{DA12C040-EBB9-44D6-9D4E-1BD424178971}.Release|Any CPU.ActiveCfg = Release|Any CPU
		{DA12C040-EBB9-44D6-9D4E-1BD424178971}.Release|Any CPU.Build.0 = Release|Any CPU
		{DA12C040-EBB9-44D6-9D4E-1BD424178971}.Stage|Any CPU.ActiveCfg = Stage|Any CPU
		{DA12C040-EBB9-44D6-9D4E-1BD424178971}.Stage|Any CPU.Build.0 = Stage|Any CPU
		{8BBD435F-D33B-49AB-A95F-F2ADD10723A4}.Debug|Any CPU.ActiveCfg = Debug|Any CPU
		{8BBD435F-D33B-49AB-A95F-F2ADD10723A4}.Debug|Any CPU.Build.0 = Debug|Any CPU
		{8BBD435F-D33B-49AB-A95F-F2ADD10723A4}.Prod|Any CPU.ActiveCfg = Debug|Any CPU
		{8BBD435F-D33B-49AB-A95F-F2ADD10723A4}.Prod|Any CPU.Build.0 = Debug|Any CPU
		{8BBD435F-D33B-49AB-A95F-F2ADD10723A4}.Release|Any CPU.ActiveCfg = Release|Any CPU
		{8BBD435F-D33B-49AB-A95F-F2ADD10723A4}.Release|Any CPU.Build.0 = Release|Any CPU
		{8BBD435F-D33B-49AB-A95F-F2ADD10723A4}.Stage|Any CPU.ActiveCfg = Debug|Any CPU
		{8BBD435F-D33B-49AB-A95F-F2ADD10723A4}.Stage|Any CPU.Build.0 = Debug|Any CPU
		{17615573-954A-41F4-8348-41974E1B2A36}.Debug|Any CPU.ActiveCfg = Debug|Any CPU
		{17615573-954A-41F4-8348-41974E1B2A36}.Debug|Any CPU.Build.0 = Debug|Any CPU
		{17615573-954A-41F4-8348-41974E1B2A36}.Prod|Any CPU.ActiveCfg = Debug|Any CPU
		{17615573-954A-41F4-8348-41974E1B2A36}.Prod|Any CPU.Build.0 = Debug|Any CPU
		{17615573-954A-41F4-8348-41974E1B2A36}.Release|Any CPU.ActiveCfg = Release|Any CPU
		{17615573-954A-41F4-8348-41974E1B2A36}.Release|Any CPU.Build.0 = Release|Any CPU
		{17615573-954A-41F4-8348-41974E1B2A36}.Stage|Any CPU.ActiveCfg = Debug|Any CPU
		{17615573-954A-41F4-8348-41974E1B2A36}.Stage|Any CPU.Build.0 = Debug|Any CPU
	EndGlobalSection
	GlobalSection(SolutionProperties) = preSolution
		HideSolutionNode = FALSE
	EndGlobalSection
	GlobalSection(NestedProjects) = preSolution
		{44D81E58-9D53-4879-B307-D16F8C369DC2} = {95642864-7724-4AB3-8116-7CD5EF93168E}
		{972B3D79-A04D-4C6E-9FDB-98F8C7099659} = {95642864-7724-4AB3-8116-7CD5EF93168E}
		{F985FEDF-E2A5-4A4E-8768-2E286CD3B710} = {95642864-7724-4AB3-8116-7CD5EF93168E}
		{B320EABE-F457-4167-B80D-94EB3BCB4BA1} = {95642864-7724-4AB3-8116-7CD5EF93168E}
		{6EDE8DA7-5B1E-4EBA-913D-FD8344FAED77} = {95642864-7724-4AB3-8116-7CD5EF93168E}
		{B77EEA2D-63B0-496B-A92C-9D52D4E3B6C8} = {95642864-7724-4AB3-8116-7CD5EF93168E}
		{8BBD435F-D33B-49AB-A95F-F2ADD10723A4} = {95642864-7724-4AB3-8116-7CD5EF93168E}
		{17615573-954A-41F4-8348-41974E1B2A36} = {95642864-7724-4AB3-8116-7CD5EF93168E}
	EndGlobalSection
	GlobalSection(ExtensibilityGlobals) = postSolution
		SolutionGuid = {CFDA8AA5-7991-459A-B1FF-60B1D9057F4B}
	EndGlobalSection
EndGlobal
