
Microsoft Visual Studio Solution File, Format Version 12.00
# Visual Studio Version 16
VisualStudioVersion = 16.0.30104.148
MinimumVisualStudioVersion = 10.0.40219.1
Project("{E24C65DC-7377-472B-9ABA-BC803B73C61A}") = "mod-angular-libraries", "mod-angular-libraries\", "{24A9F1F0-09BF-4425-A0B6-8F1DFC93981E}"
	ProjectSection(WebsiteProperties) = preProject
		TargetFrameworkMoniker = ".NETFramework,Version%3Dv4.0"
		Debug.AspNetCompiler.VirtualPath = "/localhost_54834"
		Debug.AspNetCompiler.PhysicalPath = "mod-angular-libraries\"
		Debug.AspNetCompiler.TargetPath = "PrecompiledWeb\localhost_54834\"
		Debug.AspNetCompiler.Updateable = "true"
		Debug.AspNetCompiler.ForceOverwrite = "true"
		Debug.AspNetCompiler.FixedNames = "false"
		Debug.AspNetCompiler.Debug = "True"
		Release.AspNetCompiler.VirtualPath = "/localhost_54834"
		Release.AspNetCompiler.PhysicalPath = "mod-angular-libraries\"
		Release.AspNetCompiler.TargetPath = "PrecompiledWeb\localhost_54834\"
		Release.AspNetCompiler.Updateable = "true"
		Release.AspNetCompiler.ForceOverwrite = "true"
		Release.AspNetCompiler.FixedNames = "false"
		Release.AspNetCompiler.Debug = "False"
		VWDPort = "54834"
		SlnRelativePath = "mod-angular-libraries\"
	EndProjectSection
EndProject
Project("{FAE04EC0-301F-11D3-BF4B-00C04F79EFBC}") = "MOD.ExampleApp.UI", "MOD.Framework.ExampleApp.UI\MOD.ExampleApp.UI.csproj", "{556E99A1-8132-4191-B9FD-A4A621E9E01A}"
EndProject
Global
	GlobalSection(SolutionConfigurationPlatforms) = preSolution
		Debug|Any CPU = Debug|Any CPU
		Release|Any CPU = Release|Any CPU
	EndGlobalSection
	GlobalSection(ProjectConfigurationPlatforms) = postSolution
		{24A9F1F0-09BF-4425-A0B6-8F1DFC93981E}.Debug|Any CPU.ActiveCfg = Debug|Any CPU
		{24A9F1F0-09BF-4425-A0B6-8F1DFC93981E}.Debug|Any CPU.Build.0 = Debug|Any CPU
		{24A9F1F0-09BF-4425-A0B6-8F1DFC93981E}.Release|Any CPU.ActiveCfg = Debug|Any CPU
		{24A9F1F0-09BF-4425-A0B6-8F1DFC93981E}.Release|Any CPU.Build.0 = Debug|Any CPU
		{556E99A1-8132-4191-B9FD-A4A621E9E01A}.Debug|Any CPU.ActiveCfg = Debug|Any CPU
		{556E99A1-8132-4191-B9FD-A4A621E9E01A}.Debug|Any CPU.Build.0 = Debug|Any CPU
		{556E99A1-8132-4191-B9FD-A4A621E9E01A}.Release|Any CPU.ActiveCfg = Release|Any CPU
		{556E99A1-8132-4191-B9FD-A4A621E9E01A}.Release|Any CPU.Build.0 = Release|Any CPU
	EndGlobalSection
	GlobalSection(SolutionProperties) = preSolution
		HideSolutionNode = FALSE
	EndGlobalSection
	GlobalSection(ExtensibilityGlobals) = postSolution
		SolutionGuid = {E914E938-3C51-44B6-B1B1-E015E603C819}
	EndGlobalSection
EndGlobal
